// !$*UTF8*$!
{
	archiveVersion = 1;
	classes = {
	};
	objectVersion = 56;
	objects = {

/* Begin PBXBuildFile section */
		8E60BCD329A330F900407B98 /* Config.plist in Resources */ = {isa = PBXBuildFile; fileRef = 8E9C398829A324CE00364920 /* Config.plist */; };
		8E9C38F029A1DE1E00364920 /* ToDoListApp.swift in Sources */ = {isa = PBXBuildFile; fileRef = 8E9C38EF29A1DE1E00364920 /* ToDoListApp.swift */; };
		8E9C38F229A1DE1E00364920 /* ContentView.swift in Sources */ = {isa = PBXBuildFile; fileRef = 8E9C38F129A1DE1E00364920 /* ContentView.swift */; };
		8E9C38F429A1DE1F00364920 /* Assets.xcassets in Resources */ = {isa = PBXBuildFile; fileRef = 8E9C38F329A1DE1F00364920 /* Assets.xcassets */; };
		8E9C38F729A1DE1F00364920 /* Preview Assets.xcassets in Resources */ = {isa = PBXBuildFile; fileRef = 8E9C38F629A1DE1F00364920 /* Preview Assets.xcassets */; };
		8E9C38F929A1DE1F00364920 /* Persistence.swift in Sources */ = {isa = PBXBuildFile; fileRef = 8E9C38F829A1DE1F00364920 /* Persistence.swift */; };
		8E9C38FC29A1DE1F00364920 /* ToDoList.xcdatamodeld in Sources */ = {isa = PBXBuildFile; fileRef = 8E9C38FA29A1DE1F00364920 /* ToDoList.xcdatamodeld */; };
		8E9C390629A1DE1F00364920 /* ToDoListTests.swift in Sources */ = {isa = PBXBuildFile; fileRef = 8E9C390529A1DE1F00364920 /* ToDoListTests.swift */; };
		8E9C391029A1DE1F00364920 /* ToDoListUITests.swift in Sources */ = {isa = PBXBuildFile; fileRef = 8E9C390F29A1DE1F00364920 /* ToDoListUITests.swift */; };
		8E9C391229A1DE1F00364920 /* ToDoListUITestsLaunchTests.swift in Sources */ = {isa = PBXBuildFile; fileRef = 8E9C391129A1DE1F00364920 /* ToDoListUITestsLaunchTests.swift */; };
		8E9C398B29A327EF00364920 /* ConfigLoader.swift in Sources */ = {isa = PBXBuildFile; fileRef = 8E9C398A29A327EF00364920 /* ConfigLoader.swift */; };
/* End PBXBuildFile section */

/* Begin PBXContainerItemProxy section */
		8E9C390229A1DE1F00364920 /* PBXContainerItemProxy */ = {
			isa = PBXContainerItemProxy;
			containerPortal = 8E9C38E429A1DE1E00364920 /* Project object */;
			proxyType = 1;
			remoteGlobalIDString = 8E9C38EB29A1DE1E00364920;
			remoteInfo = ToDoList;
		};
		8E9C390C29A1DE1F00364920 /* PBXContainerItemProxy */ = {
			isa = PBXContainerItemProxy;
			containerPortal = 8E9C38E429A1DE1E00364920 /* Project object */;
			proxyType = 1;
			remoteGlobalIDString = 8E9C38EB29A1DE1E00364920;
			remoteInfo = ToDoList;
		};
/* End PBXContainerItemProxy section */

/* Begin PBXFileReference section */
		8E9C38EC29A1DE1E00364920 /* ToDoList.app */ = {isa = PBXFileReference; explicitFileType = wrapper.application; includeInIndex = 0; path = ToDoList.app; sourceTree = BUILT_PRODUCTS_DIR; };
		8E9C38EF29A1DE1E00364920 /* ToDoListApp.swift */ = {isa = PBXFileReference; lastKnownFileType = sourcecode.swift; path = ToDoListApp.swift; sourceTree = "<group>"; };
		8E9C38F129A1DE1E00364920 /* ContentView.swift */ = {isa = PBXFileReference; lastKnownFileType = sourcecode.swift; path = ContentView.swift; sourceTree = "<group>"; };
		8E9C38F329A1DE1F00364920 /* Assets.xcassets */ = {isa = PBXFileReference; lastKnownFileType = folder.assetcatalog; path = Assets.xcassets; sourceTree = "<group>"; };
		8E9C38F629A1DE1F00364920 /* Preview Assets.xcassets */ = {isa = PBXFileReference; lastKnownFileType = folder.assetcatalog; path = "Preview Assets.xcassets"; sourceTree = "<group>"; };
		8E9C38F829A1DE1F00364920 /* Persistence.swift */ = {isa = PBXFileReference; lastKnownFileType = sourcecode.swift; path = Persistence.swift; sourceTree = "<group>"; };
		8E9C38FB29A1DE1F00364920 /* ToDoList.xcdatamodel */ = {isa = PBXFileReference; lastKnownFileType = wrapper.xcdatamodel; path = ToDoList.xcdatamodel; sourceTree = "<group>"; };
		8E9C390129A1DE1F00364920 /* ToDoListTests.xctest */ = {isa = PBXFileReference; explicitFileType = wrapper.cfbundle; includeInIndex = 0; path = ToDoListTests.xctest; sourceTree = BUILT_PRODUCTS_DIR; };
		8E9C390529A1DE1F00364920 /* ToDoListTests.swift */ = {isa = PBXFileReference; lastKnownFileType = sourcecode.swift; path = ToDoListTests.swift; sourceTree = "<group>"; };
		8E9C390B29A1DE1F00364920 /* ToDoListUITests.xctest */ = {isa = PBXFileReference; explicitFileType = wrapper.cfbundle; includeInIndex = 0; path = ToDoListUITests.xctest; sourceTree = BUILT_PRODUCTS_DIR; };
		8E9C390F29A1DE1F00364920 /* ToDoListUITests.swift */ = {isa = PBXFileReference; lastKnownFileType = sourcecode.swift; path = ToDoListUITests.swift; sourceTree = "<group>"; };
		8E9C391129A1DE1F00364920 /* ToDoListUITestsLaunchTests.swift */ = {isa = PBXFileReference; lastKnownFileType = sourcecode.swift; path = ToDoListUITestsLaunchTests.swift; sourceTree = "<group>"; };
		8E9C397D29A31EBC00364920 /* Develop.xcconfig */ = {isa = PBXFileReference; lastKnownFileType = text.xcconfig; path = Develop.xcconfig; sourceTree = "<group>"; };
		8E9C397E29A31EC500364920 /* Staging.xcconfig */ = {isa = PBXFileReference; lastKnownFileType = text.xcconfig; path = Staging.xcconfig; sourceTree = "<group>"; };
		8E9C397F29A31ECD00364920 /* Production.xcconfig */ = {isa = PBXFileReference; lastKnownFileType = text.xcconfig; path = Production.xcconfig; sourceTree = "<group>"; };
		8E9C398029A31ED700364920 /* Config.plist */ = {isa = PBXFileReference; lastKnownFileType = text.plist.xml; path = Config.plist; sourceTree = "<group>"; };
		8E9C398129A31EDE00364920 /* Config.plist */ = {isa = PBXFileReference; lastKnownFileType = text.plist.xml; path = Config.plist; sourceTree = "<group>"; };
		8E9C398229A31EE500364920 /* Config.plist */ = {isa = PBXFileReference; lastKnownFileType = text.plist.xml; path = Config.plist; sourceTree = "<group>"; };
		8E9C398329A320D000364920 /* Info.plist */ = {isa = PBXFileReference; lastKnownFileType = text.plist.xml; path = Info.plist; sourceTree = "<group>"; };
		8E9C398829A324CE00364920 /* Config.plist */ = {isa = PBXFileReference; fileEncoding = 4; lastKnownFileType = text.plist.xml; path = Config.plist; sourceTree = "<group>"; };
		8E9C398A29A327EF00364920 /* ConfigLoader.swift */ = {isa = PBXFileReference; lastKnownFileType = sourcecode.swift; path = ConfigLoader.swift; sourceTree = "<group>"; };
/* End PBXFileReference section */

/* Begin PBXFrameworksBuildPhase section */
		8E9C38E929A1DE1E00364920 /* Frameworks */ = {
			isa = PBXFrameworksBuildPhase;
			buildActionMask = 2147483647;
			files = (
			);
			runOnlyForDeploymentPostprocessing = 0;
		};
		8E9C38FE29A1DE1F00364920 /* Frameworks */ = {
			isa = PBXFrameworksBuildPhase;
			buildActionMask = 2147483647;
			files = (
			);
			runOnlyForDeploymentPostprocessing = 0;
		};
		8E9C390829A1DE1F00364920 /* Frameworks */ = {
			isa = PBXFrameworksBuildPhase;
			buildActionMask = 2147483647;
			files = (
			);
			runOnlyForDeploymentPostprocessing = 0;
		};
/* End PBXFrameworksBuildPhase section */

/* Begin PBXGroup section */
		8E9C38E329A1DE1E00364920 = {
			isa = PBXGroup;
			children = (
				8E9C38EE29A1DE1E00364920 /* ToDoList */,
				8E9C390429A1DE1F00364920 /* ToDoListTests */,
				8E9C390E29A1DE1F00364920 /* ToDoListUITests */,
				8E9C38ED29A1DE1E00364920 /* Products */,
			);
			sourceTree = "<group>";
		};
		8E9C38ED29A1DE1E00364920 /* Products */ = {
			isa = PBXGroup;
			children = (
				8E9C38EC29A1DE1E00364920 /* ToDoList.app */,
				8E9C390129A1DE1F00364920 /* ToDoListTests.xctest */,
				8E9C390B29A1DE1F00364920 /* ToDoListUITests.xctest */,
			);
			name = Products;
			sourceTree = "<group>";
		};
		8E9C38EE29A1DE1E00364920 /* ToDoList */ = {
			isa = PBXGroup;
			children = (
				8E9C398629A324CE00364920 /* Generated */,
				8E9C397929A31E3300364920 /* Resources */,
				8E9C38EF29A1DE1E00364920 /* ToDoListApp.swift */,
				8E9C398A29A327EF00364920 /* ConfigLoader.swift */,
				8E9C38F129A1DE1E00364920 /* ContentView.swift */,
				8E9C38F329A1DE1F00364920 /* Assets.xcassets */,
				8E9C38F829A1DE1F00364920 /* Persistence.swift */,
				8E9C38FA29A1DE1F00364920 /* ToDoList.xcdatamodeld */,
				8E9C38F529A1DE1F00364920 /* Preview Content */,
			);
			path = ToDoList;
			sourceTree = "<group>";
		};
		8E9C38F529A1DE1F00364920 /* Preview Content */ = {
			isa = PBXGroup;
			children = (
				8E9C38F629A1DE1F00364920 /* Preview Assets.xcassets */,
			);
			path = "Preview Content";
			sourceTree = "<group>";
		};
		8E9C390429A1DE1F00364920 /* ToDoListTests */ = {
			isa = PBXGroup;
			children = (
				8E9C390529A1DE1F00364920 /* ToDoListTests.swift */,
			);
			path = ToDoListTests;
			sourceTree = "<group>";
		};
		8E9C390E29A1DE1F00364920 /* ToDoListUITests */ = {
			isa = PBXGroup;
			children = (
				8E9C390F29A1DE1F00364920 /* ToDoListUITests.swift */,
				8E9C391129A1DE1F00364920 /* ToDoListUITestsLaunchTests.swift */,
			);
			path = ToDoListUITests;
			sourceTree = "<group>";
		};
		8E9C397929A31E3300364920 /* Resources */ = {
			isa = PBXGroup;
			children = (
				8E9C397A29A31E5800364920 /* Develop */,
				8E9C397C29A31E9B00364920 /* Staging */,
				8E9C397B29A31E9600364920 /* Production */,
				8E9C398329A320D000364920 /* Info.plist */,
			);
			path = Resources;
			sourceTree = "<group>";
		};
		8E9C397A29A31E5800364920 /* Develop */ = {
			isa = PBXGroup;
			children = (
				8E9C397D29A31EBC00364920 /* Develop.xcconfig */,
				8E9C398029A31ED700364920 /* Config.plist */,
			);
			path = Develop;
			sourceTree = "<group>";
		};
		8E9C397B29A31E9600364920 /* Production */ = {
			isa = PBXGroup;
			children = (
				8E9C397F29A31ECD00364920 /* Production.xcconfig */,
				8E9C398229A31EE500364920 /* Config.plist */,
			);
			path = Production;
			sourceTree = "<group>";
		};
		8E9C397C29A31E9B00364920 /* Staging */ = {
			isa = PBXGroup;
			children = (
				8E9C397E29A31EC500364920 /* Staging.xcconfig */,
				8E9C398129A31EDE00364920 /* Config.plist */,
			);
			path = Staging;
			sourceTree = "<group>";
		};
		8E9C398629A324CE00364920 /* Generated */ = {
			isa = PBXGroup;
			children = (
				8E9C398729A324CE00364920 /* Config */,
			);
			path = Generated;
			sourceTree = "<group>";
		};
		8E9C398729A324CE00364920 /* Config */ = {
			isa = PBXGroup;
			children = (
				8E9C398829A324CE00364920 /* Config.plist */,
			);
			path = Config;
			sourceTree = "<group>";
		};
/* End PBXGroup section */

/* Begin PBXNativeTarget section */
		8E9C38EB29A1DE1E00364920 /* ToDoList */ = {
			isa = PBXNativeTarget;
			buildConfigurationList = 8E9C391529A1DE1F00364920 /* Build configuration list for PBXNativeTarget "ToDoList" */;
			buildPhases = (
				8E9C398529A3238E00364920 /* Copy Config */,
				8E9C38E829A1DE1E00364920 /* Sources */,
				8E9C38E929A1DE1E00364920 /* Frameworks */,
				8E9C38EA29A1DE1E00364920 /* Resources */,
			);
			buildRules = (
			);
			dependencies = (
			);
			name = ToDoList;
			productName = ToDoList;
			productReference = 8E9C38EC29A1DE1E00364920 /* ToDoList.app */;
			productType = "com.apple.product-type.application";
		};
		8E9C390029A1DE1F00364920 /* ToDoListTests */ = {
			isa = PBXNativeTarget;
			buildConfigurationList = 8E9C391829A1DE1F00364920 /* Build configuration list for PBXNativeTarget "ToDoListTests" */;
			buildPhases = (
				8E9C38FD29A1DE1F00364920 /* Sources */,
				8E9C38FE29A1DE1F00364920 /* Frameworks */,
				8E9C38FF29A1DE1F00364920 /* Resources */,
			);
			buildRules = (
			);
			dependencies = (
				8E9C390329A1DE1F00364920 /* PBXTargetDependency */,
			);
			name = ToDoListTests;
			productName = ToDoListTests;
			productReference = 8E9C390129A1DE1F00364920 /* ToDoListTests.xctest */;
			productType = "com.apple.product-type.bundle.unit-test";
		};
		8E9C390A29A1DE1F00364920 /* ToDoListUITests */ = {
			isa = PBXNativeTarget;
			buildConfigurationList = 8E9C391B29A1DE1F00364920 /* Build configuration list for PBXNativeTarget "ToDoListUITests" */;
			buildPhases = (
				8E9C390729A1DE1F00364920 /* Sources */,
				8E9C390829A1DE1F00364920 /* Frameworks */,
				8E9C390929A1DE1F00364920 /* Resources */,
			);
			buildRules = (
			);
			dependencies = (
				8E9C390D29A1DE1F00364920 /* PBXTargetDependency */,
			);
			name = ToDoListUITests;
			productName = ToDoListUITests;
			productReference = 8E9C390B29A1DE1F00364920 /* ToDoListUITests.xctest */;
			productType = "com.apple.product-type.bundle.ui-testing";
		};
/* End PBXNativeTarget section */

/* Begin PBXProject section */
		8E9C38E429A1DE1E00364920 /* Project object */ = {
			isa = PBXProject;
			attributes = {
				BuildIndependentTargetsInParallel = 1;
				LastSwiftUpdateCheck = 1420;
				LastUpgradeCheck = 1420;
				TargetAttributes = {
					8E9C38EB29A1DE1E00364920 = {
						CreatedOnToolsVersion = 14.2;
					};
					8E9C390029A1DE1F00364920 = {
						CreatedOnToolsVersion = 14.2;
						TestTargetID = 8E9C38EB29A1DE1E00364920;
					};
					8E9C390A29A1DE1F00364920 = {
						CreatedOnToolsVersion = 14.2;
						TestTargetID = 8E9C38EB29A1DE1E00364920;
					};
				};
			};
			buildConfigurationList = 8E9C38E729A1DE1E00364920 /* Build configuration list for PBXProject "ToDoList" */;
			compatibilityVersion = "Xcode 14.0";
			developmentRegion = en;
			hasScannedForEncodings = 0;
			knownRegions = (
				en,
				Base,
			);
			mainGroup = 8E9C38E329A1DE1E00364920;
			productRefGroup = 8E9C38ED29A1DE1E00364920 /* Products */;
			projectDirPath = "";
			projectRoot = "";
			targets = (
				8E9C38EB29A1DE1E00364920 /* ToDoList */,
				8E9C390029A1DE1F00364920 /* ToDoListTests */,
				8E9C390A29A1DE1F00364920 /* ToDoListUITests */,
			);
		};
/* End PBXProject section */

/* Begin PBXResourcesBuildPhase section */
		8E9C38EA29A1DE1E00364920 /* Resources */ = {
			isa = PBXResourcesBuildPhase;
			buildActionMask = 2147483647;
			files = (
				8E9C38F729A1DE1F00364920 /* Preview Assets.xcassets in Resources */,
				8E60BCD329A330F900407B98 /* Config.plist in Resources */,
				8E9C38F429A1DE1F00364920 /* Assets.xcassets in Resources */,
			);
			runOnlyForDeploymentPostprocessing = 0;
		};
		8E9C38FF29A1DE1F00364920 /* Resources */ = {
			isa = PBXResourcesBuildPhase;
			buildActionMask = 2147483647;
			files = (
			);
			runOnlyForDeploymentPostprocessing = 0;
		};
		8E9C390929A1DE1F00364920 /* Resources */ = {
			isa = PBXResourcesBuildPhase;
			buildActionMask = 2147483647;
			files = (
			);
			runOnlyForDeploymentPostprocessing = 0;
		};
/* End PBXResourcesBuildPhase section */

/* Begin PBXShellScriptBuildPhase section */
		8E9C398529A3238E00364920 /* Copy Config */ = {
			isa = PBXShellScriptBuildPhase;
			buildActionMask = 2147483647;
			files = (
			);
			inputFileListPaths = (
			);
			inputPaths = (
			);
			name = "Copy Config";
			outputFileListPaths = (
			);
			outputPaths = (
				"$(SRCROOT)/ToDoList/Generated/Config/Config.plist",
			);
			runOnlyForDeploymentPostprocessing = 0;
			shellPath = /bin/sh;
			shellScript = "cp -fp \"${SRCROOT}/ToDoList/Resources/${XCC_CONFIG_PATH}\" \"${SRCROOT}/ToDoList/Generated/Config/Config.plist\"\n";
		};
/* End PBXShellScriptBuildPhase section */

/* Begin PBXSourcesBuildPhase section */
		8E9C38E829A1DE1E00364920 /* Sources */ = {
			isa = PBXSourcesBuildPhase;
			buildActionMask = 2147483647;
			files = (
				8E9C398B29A327EF00364920 /* ConfigLoader.swift in Sources */,
				8E9C38F929A1DE1F00364920 /* Persistence.swift in Sources */,
				8E9C38F229A1DE1E00364920 /* ContentView.swift in Sources */,
				8E9C38F029A1DE1E00364920 /* ToDoListApp.swift in Sources */,
				8E9C38FC29A1DE1F00364920 /* ToDoList.xcdatamodeld in Sources */,
			);
			runOnlyForDeploymentPostprocessing = 0;
		};
		8E9C38FD29A1DE1F00364920 /* Sources */ = {
			isa = PBXSourcesBuildPhase;
			buildActionMask = 2147483647;
			files = (
				8E9C390629A1DE1F00364920 /* ToDoListTests.swift in Sources */,
			);
			runOnlyForDeploymentPostprocessing = 0;
		};
		8E9C390729A1DE1F00364920 /* Sources */ = {
			isa = PBXSourcesBuildPhase;
			buildActionMask = 2147483647;
			files = (
				8E9C391229A1DE1F00364920 /* ToDoListUITestsLaunchTests.swift in Sources */,
				8E9C391029A1DE1F00364920 /* ToDoListUITests.swift in Sources */,
			);
			runOnlyForDeploymentPostprocessing = 0;
		};
/* End PBXSourcesBuildPhase section */

/* Begin PBXTargetDependency section */
		8E9C390329A1DE1F00364920 /* PBXTargetDependency */ = {
			isa = PBXTargetDependency;
			target = 8E9C38EB29A1DE1E00364920 /* ToDoList */;
			targetProxy = 8E9C390229A1DE1F00364920 /* PBXContainerItemProxy */;
		};
		8E9C390D29A1DE1F00364920 /* PBXTargetDependency */ = {
			isa = PBXTargetDependency;
			target = 8E9C38EB29A1DE1E00364920 /* ToDoList */;
			targetProxy = 8E9C390C29A1DE1F00364920 /* PBXContainerItemProxy */;
		};
/* End PBXTargetDependency section */

/* Begin XCBuildConfiguration section */
		8E9C391329A1DE1F00364920 /* Develop */ = {
			isa = XCBuildConfiguration;
			baseConfigurationReference = 8E9C397D29A31EBC00364920 /* Develop.xcconfig */;
			buildSettings = {
				ALWAYS_SEARCH_USER_PATHS = NO;
				CLANG_ANALYZER_NONNULL = YES;
				CLANG_ANALYZER_NUMBER_OBJECT_CONVERSION = YES_AGGRESSIVE;
				CLANG_CXX_LANGUAGE_STANDARD = "gnu++20";
				CLANG_ENABLE_MODULES = YES;
				CLANG_ENABLE_OBJC_ARC = YES;
				CLANG_ENABLE_OBJC_WEAK = YES;
				CLANG_WARN_BLOCK_CAPTURE_AUTORELEASING = YES;
				CLANG_WARN_BOOL_CONVERSION = YES;
				CLANG_WARN_COMMA = YES;
				CLANG_WARN_CONSTANT_CONVERSION = YES;
				CLANG_WARN_DEPRECATED_OBJC_IMPLEMENTATIONS = YES;
				CLANG_WARN_DIRECT_OBJC_ISA_USAGE = YES_ERROR;
				CLANG_WARN_DOCUMENTATION_COMMENTS = YES;
				CLANG_WARN_EMPTY_BODY = YES;
				CLANG_WARN_ENUM_CONVERSION = YES;
				CLANG_WARN_INFINITE_RECURSION = YES;
				CLANG_WARN_INT_CONVERSION = YES;
				CLANG_WARN_NON_LITERAL_NULL_CONVERSION = YES;
				CLANG_WARN_OBJC_IMPLICIT_RETAIN_SELF = YES;
				CLANG_WARN_OBJC_LITERAL_CONVERSION = YES;
				CLANG_WARN_OBJC_ROOT_CLASS = YES_ERROR;
				CLANG_WARN_QUOTED_INCLUDE_IN_FRAMEWORK_HEADER = YES;
				CLANG_WARN_RANGE_LOOP_ANALYSIS = YES;
				CLANG_WARN_STRICT_PROTOTYPES = YES;
				CLANG_WARN_SUSPICIOUS_MOVE = YES;
				CLANG_WARN_UNGUARDED_AVAILABILITY = YES_AGGRESSIVE;
				CLANG_WARN_UNREACHABLE_CODE = YES;
				CLANG_WARN__DUPLICATE_METHOD_MATCH = YES;
				COPY_PHASE_STRIP = NO;
				DEBUG_INFORMATION_FORMAT = dwarf;
				ENABLE_STRICT_OBJC_MSGSEND = YES;
				ENABLE_TESTABILITY = YES;
				GCC_C_LANGUAGE_STANDARD = gnu11;
				GCC_DYNAMIC_NO_PIC = NO;
				GCC_NO_COMMON_BLOCKS = YES;
				GCC_OPTIMIZATION_LEVEL = 0;
				GCC_PREPROCESSOR_DEFINITIONS = (
					"DEBUG=1",
					"$(inherited)",
				);
				GCC_WARN_64_TO_32_BIT_CONVERSION = YES;
				GCC_WARN_ABOUT_RETURN_TYPE = YES_ERROR;
				GCC_WARN_UNDECLARED_SELECTOR = YES;
				GCC_WARN_UNINITIALIZED_AUTOS = YES_AGGRESSIVE;
				GCC_WARN_UNUSED_FUNCTION = YES;
				GCC_WARN_UNUSED_VARIABLE = YES;
				IPHONEOS_DEPLOYMENT_TARGET = 16.2;
				MTL_ENABLE_DEBUG_INFO = INCLUDE_SOURCE;
				MTL_FAST_MATH = YES;
				ONLY_ACTIVE_ARCH = YES;
				SDKROOT = iphoneos;
				SWIFT_ACTIVE_COMPILATION_CONDITIONS = DEBUG;
				SWIFT_OPTIMIZATION_LEVEL = "-Onone";
			};
			name = Develop;
		};
		8E9C391429A1DE1F00364920 /* Production */ = {
			isa = XCBuildConfiguration;
			baseConfigurationReference = 8E9C397F29A31ECD00364920 /* Production.xcconfig */;
			buildSettings = {
				ALWAYS_SEARCH_USER_PATHS = NO;
				CLANG_ANALYZER_NONNULL = YES;
				CLANG_ANALYZER_NUMBER_OBJECT_CONVERSION = YES_AGGRESSIVE;
				CLANG_CXX_LANGUAGE_STANDARD = "gnu++20";
				CLANG_ENABLE_MODULES = YES;
				CLANG_ENABLE_OBJC_ARC = YES;
				CLANG_ENABLE_OBJC_WEAK = YES;
				CLANG_WARN_BLOCK_CAPTURE_AUTORELEASING = YES;
				CLANG_WARN_BOOL_CONVERSION = YES;
				CLANG_WARN_COMMA = YES;
				CLANG_WARN_CONSTANT_CONVERSION = YES;
				CLANG_WARN_DEPRECATED_OBJC_IMPLEMENTATIONS = YES;
				CLANG_WARN_DIRECT_OBJC_ISA_USAGE = YES_ERROR;
				CLANG_WARN_DOCUMENTATION_COMMENTS = YES;
				CLANG_WARN_EMPTY_BODY = YES;
				CLANG_WARN_ENUM_CONVERSION = YES;
				CLANG_WARN_INFINITE_RECURSION = YES;
				CLANG_WARN_INT_CONVERSION = YES;
				CLANG_WARN_NON_LITERAL_NULL_CONVERSION = YES;
				CLANG_WARN_OBJC_IMPLICIT_RETAIN_SELF = YES;
				CLANG_WARN_OBJC_LITERAL_CONVERSION = YES;
				CLANG_WARN_OBJC_ROOT_CLASS = YES_ERROR;
				CLANG_WARN_QUOTED_INCLUDE_IN_FRAMEWORK_HEADER = YES;
				CLANG_WARN_RANGE_LOOP_ANALYSIS = YES;
				CLANG_WARN_STRICT_PROTOTYPES = YES;
				CLANG_WARN_SUSPICIOUS_MOVE = YES;
				CLANG_WARN_UNGUARDED_AVAILABILITY = YES_AGGRESSIVE;
				CLANG_WARN_UNREACHABLE_CODE = YES;
				CLANG_WARN__DUPLICATE_METHOD_MATCH = YES;
				COPY_PHASE_STRIP = NO;
				DEBUG_INFORMATION_FORMAT = "dwarf-with-dsym";
				ENABLE_NS_ASSERTIONS = NO;
				ENABLE_STRICT_OBJC_MSGSEND = YES;
				GCC_C_LANGUAGE_STANDARD = gnu11;
				GCC_NO_COMMON_BLOCKS = YES;
				GCC_WARN_64_TO_32_BIT_CONVERSION = YES;
				GCC_WARN_ABOUT_RETURN_TYPE = YES_ERROR;
				GCC_WARN_UNDECLARED_SELECTOR = YES;
				GCC_WARN_UNINITIALIZED_AUTOS = YES_AGGRESSIVE;
				GCC_WARN_UNUSED_FUNCTION = YES;
				GCC_WARN_UNUSED_VARIABLE = YES;
				IPHONEOS_DEPLOYMENT_TARGET = 16.2;
				MTL_ENABLE_DEBUG_INFO = NO;
				MTL_FAST_MATH = YES;
				SDKROOT = iphoneos;
				SWIFT_COMPILATION_MODE = wholemodule;
				SWIFT_OPTIMIZATION_LEVEL = "-O";
				VALIDATE_PRODUCT = YES;
			};
			name = Production;
		};
		8E9C391629A1DE1F00364920 /* Develop */ = {
			isa = XCBuildConfiguration;
			buildSettings = {
				ASSETCATALOG_COMPILER_APPICON_NAME = AppIcon;
				ASSETCATALOG_COMPILER_GLOBAL_ACCENT_COLOR_NAME = AccentColor;
				CODE_SIGN_STYLE = Automatic;
				CURRENT_PROJECT_VERSION = 1;
				DEVELOPMENT_ASSET_PATHS = "\"ToDoList/Preview Content\"";
				DEVELOPMENT_TEAM = PAGG8XDJQQ;
				ENABLE_PREVIEWS = YES;
				GENERATE_INFOPLIST_FILE = NO;
				INFOPLIST_FILE = "/Users/annguyen/Documents/Xcode Projects/ToDoList/ToDoList/Resources/Info.plist";
				INFOPLIST_KEY_UIApplicationSceneManifest_Generation = YES;
				INFOPLIST_KEY_UIApplicationSupportsIndirectInputEvents = YES;
				INFOPLIST_KEY_UILaunchScreen_Generation = YES;
				INFOPLIST_KEY_UISupportedInterfaceOrientations_iPad = "UIInterfaceOrientationPortrait UIInterfaceOrientationPortraitUpsideDown UIInterfaceOrientationLandscapeLeft UIInterfaceOrientationLandscapeRight";
				INFOPLIST_KEY_UISupportedInterfaceOrientations_iPhone = "UIInterfaceOrientationPortrait UIInterfaceOrientationLandscapeLeft UIInterfaceOrientationLandscapeRight";
				LD_RUNPATH_SEARCH_PATHS = (
					"$(inherited)",
					"@executable_path/Frameworks",
				);
				MARKETING_VERSION = 1.0;
				PRODUCT_BUNDLE_IDENTIFIER = com.elixirappscompany.ToDoList;
				PRODUCT_NAME = "$(TARGET_NAME)";
				SWIFT_EMIT_LOC_STRINGS = YES;
				SWIFT_VERSION = 5.0;
				TARGETED_DEVICE_FAMILY = "1,2";
			};
			name = Develop;
		};
		8E9C391729A1DE1F00364920 /* Production */ = {
			isa = XCBuildConfiguration;
			buildSettings = {
				ASSETCATALOG_COMPILER_APPICON_NAME = AppIcon;
				ASSETCATALOG_COMPILER_GLOBAL_ACCENT_COLOR_NAME = AccentColor;
				CODE_SIGN_STYLE = Automatic;
				CURRENT_PROJECT_VERSION = 1;
				DEVELOPMENT_ASSET_PATHS = "\"ToDoList/Preview Content\"";
				DEVELOPMENT_TEAM = PAGG8XDJQQ;
				ENABLE_PREVIEWS = YES;
				GENERATE_INFOPLIST_FILE = NO;
				INFOPLIST_FILE = "/Users/annguyen/Documents/Xcode Projects/ToDoList/ToDoList/Resources/Info.plist";
				INFOPLIST_KEY_UIApplicationSceneManifest_Generation = YES;
				INFOPLIST_KEY_UIApplicationSupportsIndirectInputEvents = YES;
				INFOPLIST_KEY_UILaunchScreen_Generation = YES;
				INFOPLIST_KEY_UISupportedInterfaceOrientations_iPad = "UIInterfaceOrientationPortrait UIInterfaceOrientationPortraitUpsideDown UIInterfaceOrientationLandscapeLeft UIInterfaceOrientationLandscapeRight";
				INFOPLIST_KEY_UISupportedInterfaceOrientations_iPhone = "UIInterfaceOrientationPortrait UIInterfaceOrientationLandscapeLeft UIInterfaceOrientationLandscapeRight";
				LD_RUNPATH_SEARCH_PATHS = (
					"$(inherited)",
					"@executable_path/Frameworks",
				);
				MARKETING_VERSION = 1.0;
				PRODUCT_BUNDLE_IDENTIFIER = com.elixirappscompany.ToDoList;
				PRODUCT_NAME = "$(TARGET_NAME)";
				SWIFT_EMIT_LOC_STRINGS = YES;
				SWIFT_VERSION = 5.0;
				TARGETED_DEVICE_FAMILY = "1,2";
			};
			name = Production;
		};
		8E9C391929A1DE1F00364920 /* Develop */ = {
			isa = XCBuildConfiguration;
			buildSettings = {
				ALWAYS_EMBED_SWIFT_STANDARD_LIBRARIES = YES;
				BUNDLE_LOADER = "$(TEST_HOST)";
				CODE_SIGN_STYLE = Automatic;
				CURRENT_PROJECT_VERSION = 1;
				DEVELOPMENT_TEAM = PAGG8XDJQQ;
				GENERATE_INFOPLIST_FILE = YES;
				IPHONEOS_DEPLOYMENT_TARGET = 16.2;
				MARKETING_VERSION = 1.0;
				PRODUCT_BUNDLE_IDENTIFIER = com.elixirappscompany.ToDoListTests;
				PRODUCT_NAME = "$(TARGET_NAME)";
				SWIFT_EMIT_LOC_STRINGS = NO;
				SWIFT_VERSION = 5.0;
				TARGETED_DEVICE_FAMILY = "1,2";
				TEST_HOST = "$(BUILT_PRODUCTS_DIR)/ToDoList.app/$(BUNDLE_EXECUTABLE_FOLDER_PATH)/ToDoList";
			};
			name = Develop;
		};
		8E9C391A29A1DE1F00364920 /* Production */ = {
			isa = XCBuildConfiguration;
			buildSettings = {
				ALWAYS_EMBED_SWIFT_STANDARD_LIBRARIES = YES;
				BUNDLE_LOADER = "$(TEST_HOST)";
				CODE_SIGN_STYLE = Automatic;
				CURRENT_PROJECT_VERSION = 1;
				DEVELOPMENT_TEAM = PAGG8XDJQQ;
				GENERATE_INFOPLIST_FILE = YES;
				IPHONEOS_DEPLOYMENT_TARGET = 16.2;
				MARKETING_VERSION = 1.0;
				PRODUCT_BUNDLE_IDENTIFIER = com.elixirappscompany.ToDoListTests;
				PRODUCT_NAME = "$(TARGET_NAME)";
				SWIFT_EMIT_LOC_STRINGS = NO;
				SWIFT_VERSION = 5.0;
				TARGETED_DEVICE_FAMILY = "1,2";
				TEST_HOST = "$(BUILT_PRODUCTS_DIR)/ToDoList.app/$(BUNDLE_EXECUTABLE_FOLDER_PATH)/ToDoList";
			};
			name = Production;
		};
		8E9C391C29A1DE1F00364920 /* Develop */ = {
			isa = XCBuildConfiguration;
			buildSettings = {
				ALWAYS_EMBED_SWIFT_STANDARD_LIBRARIES = YES;
				CODE_SIGN_STYLE = Automatic;
				CURRENT_PROJECT_VERSION = 1;
				DEVELOPMENT_TEAM = PAGG8XDJQQ;
				GENERATE_INFOPLIST_FILE = YES;
				MARKETING_VERSION = 1.0;
				PRODUCT_BUNDLE_IDENTIFIER = com.elixirappscompany.ToDoListUITests;
				PRODUCT_NAME = "$(TARGET_NAME)";
				SWIFT_EMIT_LOC_STRINGS = NO;
				SWIFT_VERSION = 5.0;
				TARGETED_DEVICE_FAMILY = "1,2";
				TEST_TARGET_NAME = ToDoList;
			};
			name = Develop;
		};
		8E9C391D29A1DE1F00364920 /* Production */ = {
			isa = XCBuildConfiguration;
			buildSettings = {
				ALWAYS_EMBED_SWIFT_STANDARD_LIBRARIES = YES;
				CODE_SIGN_STYLE = Automatic;
				CURRENT_PROJECT_VERSION = 1;
				DEVELOPMENT_TEAM = PAGG8XDJQQ;
				GENERATE_INFOPLIST_FILE = YES;
				MARKETING_VERSION = 1.0;
				PRODUCT_BUNDLE_IDENTIFIER = com.elixirappscompany.ToDoListUITests;
				PRODUCT_NAME = "$(TARGET_NAME)";
				SWIFT_EMIT_LOC_STRINGS = NO;
				SWIFT_VERSION = 5.0;
				TARGETED_DEVICE_FAMILY = "1,2";
				TEST_TARGET_NAME = ToDoList;
			};
			name = Production;
		};
		8E9C397529A31DA500364920 /* Staging */ = {
			isa = XCBuildConfiguration;
			baseConfigurationReference = 8E9C397E29A31EC500364920 /* Staging.xcconfig */;
			buildSettings = {
				ALWAYS_SEARCH_USER_PATHS = NO;
				CLANG_ANALYZER_NONNULL = YES;
				CLANG_ANALYZER_NUMBER_OBJECT_CONVERSION = YES_AGGRESSIVE;
				CLANG_CXX_LANGUAGE_STANDARD = "gnu++20";
				CLANG_ENABLE_MODULES = YES;
				CLANG_ENABLE_OBJC_ARC = YES;
				CLANG_ENABLE_OBJC_WEAK = YES;
				CLANG_WARN_BLOCK_CAPTURE_AUTORELEASING = YES;
				CLANG_WARN_BOOL_CONVERSION = YES;
				CLANG_WARN_COMMA = YES;
				CLANG_WARN_CONSTANT_CONVERSION = YES;
				CLANG_WARN_DEPRECATED_OBJC_IMPLEMENTATIONS = YES;
				CLANG_WARN_DIRECT_OBJC_ISA_USAGE = YES_ERROR;
				CLANG_WARN_DOCUMENTATION_COMMENTS = YES;
				CLANG_WARN_EMPTY_BODY = YES;
				CLANG_WARN_ENUM_CONVERSION = YES;
				CLANG_WARN_INFINITE_RECURSION = YES;
				CLANG_WARN_INT_CONVERSION = YES;
				CLANG_WARN_NON_LITERAL_NULL_CONVERSION = YES;
				CLANG_WARN_OBJC_IMPLICIT_RETAIN_SELF = YES;
				CLANG_WARN_OBJC_LITERAL_CONVERSION = YES;
				CLANG_WARN_OBJC_ROOT_CLASS = YES_ERROR;
				CLANG_WARN_QUOTED_INCLUDE_IN_FRAMEWORK_HEADER = YES;
				CLANG_WARN_RANGE_LOOP_ANALYSIS = YES;
				CLANG_WARN_STRICT_PROTOTYPES = YES;
				CLANG_WARN_SUSPICIOUS_MOVE = YES;
				CLANG_WARN_UNGUARDED_AVAILABILITY = YES_AGGRESSIVE;
				CLANG_WARN_UNREACHABLE_CODE = YES;
				CLANG_WARN__DUPLICATE_METHOD_MATCH = YES;
				COPY_PHASE_STRIP = NO;
				DEBUG_INFORMATION_FORMAT = dwarf;
				ENABLE_STRICT_OBJC_MSGSEND = YES;
				ENABLE_TESTABILITY = YES;
				GCC_C_LANGUAGE_STANDARD = gnu11;
				GCC_DYNAMIC_NO_PIC = NO;
				GCC_NO_COMMON_BLOCKS = YES;
				GCC_OPTIMIZATION_LEVEL = 0;
				GCC_PREPROCESSOR_DEFINITIONS = (
					"DEBUG=1",
					"$(inherited)",
				);
				GCC_WARN_64_TO_32_BIT_CONVERSION = YES;
				GCC_WARN_ABOUT_RETURN_TYPE = YES_ERROR;
				GCC_WARN_UNDECLARED_SELECTOR = YES;
				GCC_WARN_UNINITIALIZED_AUTOS = YES_AGGRESSIVE;
				GCC_WARN_UNUSED_FUNCTION = YES;
				GCC_WARN_UNUSED_VARIABLE = YES;
				IPHONEOS_DEPLOYMENT_TARGET = 16.2;
				MTL_ENABLE_DEBUG_INFO = INCLUDE_SOURCE;
				MTL_FAST_MATH = YES;
				ONLY_ACTIVE_ARCH = YES;
				SDKROOT = iphoneos;
				SWIFT_ACTIVE_COMPILATION_CONDITIONS = DEBUG;
				SWIFT_OPTIMIZATION_LEVEL = "-Onone";
			};
			name = Staging;
		};
		8E9C397629A31DA500364920 /* Staging */ = {
			isa = XCBuildConfiguration;
			buildSettings = {
				ASSETCATALOG_COMPILER_APPICON_NAME = AppIcon;
				ASSETCATALOG_COMPILER_GLOBAL_ACCENT_COLOR_NAME = AccentColor;
				CODE_SIGN_STYLE = Automatic;
				CURRENT_PROJECT_VERSION = 1;
				DEVELOPMENT_ASSET_PATHS = "\"ToDoList/Preview Content\"";
				DEVELOPMENT_TEAM = PAGG8XDJQQ;
				ENABLE_PREVIEWS = YES;
				GENERATE_INFOPLIST_FILE = NO;
				INFOPLIST_FILE = "/Users/annguyen/Documents/Xcode Projects/ToDoList/ToDoList/Resources/Info.plist";
				INFOPLIST_KEY_UIApplicationSceneManifest_Generation = YES;
				INFOPLIST_KEY_UIApplicationSupportsIndirectInputEvents = YES;
				INFOPLIST_KEY_UILaunchScreen_Generation = YES;
				INFOPLIST_KEY_UISupportedInterfaceOrientations_iPad = "UIInterfaceOrientationPortrait UIInterfaceOrientationPortraitUpsideDown UIInterfaceOrientationLandscapeLeft UIInterfaceOrientationLandscapeRight";
				INFOPLIST_KEY_UISupportedInterfaceOrientations_iPhone = "UIInterfaceOrientationPortrait UIInterfaceOrientationLandscapeLeft UIInterfaceOrientationLandscapeRight";
				LD_RUNPATH_SEARCH_PATHS = (
					"$(inherited)",
					"@executable_path/Frameworks",
				);
				MARKETING_VERSION = 1.0;
				PRODUCT_BUNDLE_IDENTIFIER = com.elixirappscompany.ToDoList;
				PRODUCT_NAME = "$(TARGET_NAME)";
				SWIFT_EMIT_LOC_STRINGS = YES;
				SWIFT_VERSION = 5.0;
				TARGETED_DEVICE_FAMILY = "1,2";
			};
			name = Staging;
		};
		8E9C397729A31DA500364920 /* Staging */ = {
			isa = XCBuildConfiguration;
			buildSettings = {
				ALWAYS_EMBED_SWIFT_STANDARD_LIBRARIES = YES;
				BUNDLE_LOADER = "$(TEST_HOST)";
				CODE_SIGN_STYLE = Automatic;
				CURRENT_PROJECT_VERSION = 1;
				DEVELOPMENT_TEAM = PAGG8XDJQQ;
				GENERATE_INFOPLIST_FILE = YES;
				IPHONEOS_DEPLOYMENT_TARGET = 16.2;
				MARKETING_VERSION = 1.0;
				PRODUCT_BUNDLE_IDENTIFIER = com.elixirappscompany.ToDoListTests;
				PRODUCT_NAME = "$(TARGET_NAME)";
				SWIFT_EMIT_LOC_STRINGS = NO;
				SWIFT_VERSION = 5.0;
				TARGETED_DEVICE_FAMILY = "1,2";
				TEST_HOST = "$(BUILT_PRODUCTS_DIR)/ToDoList.app/$(BUNDLE_EXECUTABLE_FOLDER_PATH)/ToDoList";
			};
			name = Staging;
		};
		8E9C397829A31DA500364920 /* Staging */ = {
			isa = XCBuildConfiguration;
			buildSettings = {
				ALWAYS_EMBED_SWIFT_STANDARD_LIBRARIES = YES;
				CODE_SIGN_STYLE = Automatic;
				CURRENT_PROJECT_VERSION = 1;
				DEVELOPMENT_TEAM = PAGG8XDJQQ;
				GENERATE_INFOPLIST_FILE = YES;
				MARKETING_VERSION = 1.0;
				PRODUCT_BUNDLE_IDENTIFIER = com.elixirappscompany.ToDoListUITests;
				PRODUCT_NAME = "$(TARGET_NAME)";
				SWIFT_EMIT_LOC_STRINGS = NO;
				SWIFT_VERSION = 5.0;
				TARGETED_DEVICE_FAMILY = "1,2";
				TEST_TARGET_NAME = ToDoList;
			};
			name = Staging;
		};
/* End XCBuildConfiguration section */

/* Begin XCConfigurationList section */
		8E9C38E729A1DE1E00364920 /* Build configuration list for PBXProject "ToDoList" */ = {
			isa = XCConfigurationList;
			buildConfigurations = (
				8E9C391329A1DE1F00364920 /* Develop */,
				8E9C397529A31DA500364920 /* Staging */,
				8E9C391429A1DE1F00364920 /* Production */,
			);
			defaultConfigurationIsVisible = 0;
			defaultConfigurationName = Production;
		};
		8E9C391529A1DE1F00364920 /* Build configuration list for PBXNativeTarget "ToDoList" */ = {
			isa = XCConfigurationList;
			buildConfigurations = (
				8E9C391629A1DE1F00364920 /* Develop */,
				8E9C397629A31DA500364920 /* Staging */,
				8E9C391729A1DE1F00364920 /* Production */,
			);
			defaultConfigurationIsVisible = 0;
			defaultConfigurationName = Production;
		};
		8E9C391829A1DE1F00364920 /* Build configuration list for PBXNativeTarget "ToDoListTests" */ = {
			isa = XCConfigurationList;
			buildConfigurations = (
				8E9C391929A1DE1F00364920 /* Develop */,
				8E9C397729A31DA500364920 /* Staging */,
				8E9C391A29A1DE1F00364920 /* Production */,
			);
			defaultConfigurationIsVisible = 0;
			defaultConfigurationName = Production;
		};
		8E9C391B29A1DE1F00364920 /* Build configuration list for PBXNativeTarget "ToDoListUITests" */ = {
			isa = XCConfigurationList;
			buildConfigurations = (
				8E9C391C29A1DE1F00364920 /* Develop */,
				8E9C397829A31DA500364920 /* Staging */,
				8E9C391D29A1DE1F00364920 /* Production */,
			);
			defaultConfigurationIsVisible = 0;
			defaultConfigurationName = Production;
		};
/* End XCConfigurationList section */

/* Begin XCVersionGroup section */
		8E9C38FA29A1DE1F00364920 /* ToDoList.xcdatamodeld */ = {
			isa = XCVersionGroup;
			children = (
				8E9C38FB29A1DE1F00364920 /* ToDoList.xcdatamodel */,
			);
			currentVersion = 8E9C38FB29A1DE1F00364920 /* ToDoList.xcdatamodel */;
			path = ToDoList.xcdatamodeld;
			sourceTree = "<group>";
			versionGroupType = wrapper.xcdatamodel;
		};
/* End XCVersionGroup section */
	};
	rootObject = 8E9C38E429A1DE1E00364920 /* Project object */;
}
